
Microsoft Visual Studio Solution File, Format Version 12.00
Project("{F2A71F9B-5D33-465A-A702-920D77279786}") = "WebApi", "WebApi\WebApi.fsproj", "{40382DEC-8741-45BC-8135-FDD38640BE1C}"
EndProject
Global
	GlobalSection(SolutionConfigurationPlatforms) = preSolution
		Debug|Any CPU = Debug|Any CPU
		Release|Any CPU = Release|Any CPU
	EndGlobalSection
	GlobalSection(ProjectConfigurationPlatforms) = postSolution
		{40382DEC-8741-45BC-8135-FDD38640BE1C}.Debug|Any CPU.ActiveCfg = Debug|Any CPU
		{40382DEC-8741-45BC-8135-FDD38640BE1C}.Debug|Any CPU.Build.0 = Debug|Any CPU
		{40382DEC-8741-45BC-8135-FDD38640BE1C}.Release|Any CPU.ActiveCfg = Release|Any CPU
		{40382DEC-8741-45BC-8135-FDD38640BE1C}.Release|Any CPU.Build.0 = Release|Any CPU
	EndGlobalSection
EndGlobal
