
Microsoft Visual Studio Solution File, Format Version 12.00
Project("{F2A71F9B-5D33-465A-A702-920D77279786}") = "Starter", "Starter\Starter.fsproj", "{40382DEC-8741-45BC-8135-FDD38640BE1C}"
EndProject
Project("{F2A71F9B-5D33-465A-A702-920D77279786}") = "Registration", "Registration\Registration.fsproj", "{192AA3AA-3503-4E1C-8835-5119133AFED4}"
EndProject
Project("{F2A71F9B-5D33-465A-A702-920D77279786}") = "Accounting", "Accounting\Accounting.fsproj", "{B3DAD239-6913-4202-9E44-3C05ECA82A68}"
EndProject
Project("{2150E333-8FDC-42A3-9474-1A3956D46DE8}") = "99_Project Files", "99_Project Files", "{73DA00C1-E0AC-49D2-9D3E-9D5E8EA1C368}"
ProjectSection(SolutionItems) = preProject
	.browserslistrc = .browserslistrc
	.editorconfig = .editorconfig
	.gitignore = .gitignore
	angular.json = angular.json
	package.json = package.json
	package-lock.json = package-lock.json
	tsconfig.json = tsconfig.json
EndProjectSection
EndProject
Project("{F2A71F9B-5D33-465A-A702-920D77279786}") = "Rental", "Rental\Rental.fsproj", "{75DE6D13-42E5-4906-90C2-F0F98A623132}"
EndProject
Project("{F2A71F9B-5D33-465A-A702-920D77279786}") = "Tests", "Tests\Tests.fsproj", "{DAC631B7-2835-4541-9E2D-3410626E8431}"
EndProject
Project("{F2A71F9B-5D33-465A-A702-920D77279786}") = "Shared", "Shared\Shared.fsproj", "{247E4AD6-86B0-4323-9A26-D4C9BFBF8720}"
EndProject
Project("{2150E333-8FDC-42A3-9474-1A3956D46DE8}") = "01_Shared", "01_Shared", "{71D3AFC8-5D6A-43A0-A264-AC15FA9356AA}"
EndProject
Project("{2150E333-8FDC-42A3-9474-1A3956D46DE8}") = "02_SubServices", "02_SubServices", "{6D651E2C-ECC2-40AA-9D6C-D493D4CE60EA}"
EndProject
Project("{2150E333-8FDC-42A3-9474-1A3956D46DE8}") = "03_EntryPoint", "03_EntryPoint", "{9548FCCD-D74A-4AD0-9E69-76D43137685A}"
EndProject
Global
	GlobalSection(SolutionConfigurationPlatforms) = preSolution
		Debug|Any CPU = Debug|Any CPU
		Release|Any CPU = Release|Any CPU
	EndGlobalSection
	GlobalSection(ProjectConfigurationPlatforms) = postSolution
		{40382DEC-8741-45BC-8135-FDD38640BE1C}.Debug|Any CPU.ActiveCfg = Debug|Any CPU
		{40382DEC-8741-45BC-8135-FDD38640BE1C}.Debug|Any CPU.Build.0 = Debug|Any CPU
		{40382DEC-8741-45BC-8135-FDD38640BE1C}.Release|Any CPU.ActiveCfg = Release|Any CPU
		{40382DEC-8741-45BC-8135-FDD38640BE1C}.Release|Any CPU.Build.0 = Release|Any CPU
		{192AA3AA-3503-4E1C-8835-5119133AFED4}.Debug|Any CPU.ActiveCfg = Debug|Any CPU
		{192AA3AA-3503-4E1C-8835-5119133AFED4}.Debug|Any CPU.Build.0 = Debug|Any CPU
		{192AA3AA-3503-4E1C-8835-5119133AFED4}.Release|Any CPU.ActiveCfg = Release|Any CPU
		{192AA3AA-3503-4E1C-8835-5119133AFED4}.Release|Any CPU.Build.0 = Release|Any CPU
		{B3DAD239-6913-4202-9E44-3C05ECA82A68}.Debug|Any CPU.ActiveCfg = Debug|Any CPU
		{B3DAD239-6913-4202-9E44-3C05ECA82A68}.Debug|Any CPU.Build.0 = Debug|Any CPU
		{B3DAD239-6913-4202-9E44-3C05ECA82A68}.Release|Any CPU.ActiveCfg = Release|Any CPU
		{B3DAD239-6913-4202-9E44-3C05ECA82A68}.Release|Any CPU.Build.0 = Release|Any CPU
		{75DE6D13-42E5-4906-90C2-F0F98A623132}.Debug|Any CPU.ActiveCfg = Debug|Any CPU
		{75DE6D13-42E5-4906-90C2-F0F98A623132}.Debug|Any CPU.Build.0 = Debug|Any CPU
		{75DE6D13-42E5-4906-90C2-F0F98A623132}.Release|Any CPU.ActiveCfg = Release|Any CPU
		{75DE6D13-42E5-4906-90C2-F0F98A623132}.Release|Any CPU.Build.0 = Release|Any CPU
		{DAC631B7-2835-4541-9E2D-3410626E8431}.Debug|Any CPU.ActiveCfg = Debug|Any CPU
		{DAC631B7-2835-4541-9E2D-3410626E8431}.Debug|Any CPU.Build.0 = Debug|Any CPU
		{DAC631B7-2835-4541-9E2D-3410626E8431}.Release|Any CPU.ActiveCfg = Release|Any CPU
		{DAC631B7-2835-4541-9E2D-3410626E8431}.Release|Any CPU.Build.0 = Release|Any CPU
		{247E4AD6-86B0-4323-9A26-D4C9BFBF8720}.Debug|Any CPU.ActiveCfg = Debug|Any CPU
		{247E4AD6-86B0-4323-9A26-D4C9BFBF8720}.Debug|Any CPU.Build.0 = Debug|Any CPU
		{247E4AD6-86B0-4323-9A26-D4C9BFBF8720}.Release|Any CPU.ActiveCfg = Release|Any CPU
		{247E4AD6-86B0-4323-9A26-D4C9BFBF8720}.Release|Any CPU.Build.0 = Release|Any CPU
	EndGlobalSection
	GlobalSection(NestedProjects) = preSolution
		{247E4AD6-86B0-4323-9A26-D4C9BFBF8720} = {71D3AFC8-5D6A-43A0-A264-AC15FA9356AA}
		{B3DAD239-6913-4202-9E44-3C05ECA82A68} = {6D651E2C-ECC2-40AA-9D6C-D493D4CE60EA}
		{192AA3AA-3503-4E1C-8835-5119133AFED4} = {6D651E2C-ECC2-40AA-9D6C-D493D4CE60EA}
		{75DE6D13-42E5-4906-90C2-F0F98A623132} = {6D651E2C-ECC2-40AA-9D6C-D493D4CE60EA}
		{40382DEC-8741-45BC-8135-FDD38640BE1C} = {9548FCCD-D74A-4AD0-9E69-76D43137685A}
		{DAC631B7-2835-4541-9E2D-3410626E8431} = {9548FCCD-D74A-4AD0-9E69-76D43137685A}
	EndGlobalSection
EndGlobal
