{
  "requires": true,
  "lockfileVersion": 1,
  "dependencies": {
    "@angular/animations": {
      "version": "12.2.2",
      "resolved": "https://registry.npmjs.org/@angular/animations/-/animations-12.2.2.tgz",
      "integrity": "sha512-arJzev1GYJYU5cR0x02WFm98ucuPaMuEjAoD+Yggl8Y0usefUm282ZZ+Jl4wCgbhus1JAjpFpoVQuZCVSn6F1g==",
      "requires": {
        "tslib": "^2.2.0"
      },
      "dependencies": {
        "tslib": {
          "version": "2.3.1",
          "resolved": "https://registry.npmjs.org/tslib/-/tslib-2.3.1.tgz",
          "integrity": "sha512-77EbyPPpMz+FRFRuAFlWMtmgUWGe9UOG2Z25NqCwiIjRhOf5iKGuzSe5P2w1laq+FkRy4p+PCuVkJSGkzTEKVw=="
        }
      }
    },
    "@angular/common": {
      "version": "12.2.2",
      "resolved": "https://registry.npmjs.org/@angular/common/-/common-12.2.2.tgz",
      "integrity": "sha512-cAfPHis8ynpR+qV9ViztCuNBjJ8YRDivvpUXtXecJYYBUPQt9uIiMLeqvBuWmFr+zKD+yAhWywbHEo/4m1JVtQ==",
      "requires": {
        "tslib": "^2.2.0"
      },
      "dependencies": {
        "tslib": {
          "version": "2.3.1",
          "resolved": "https://registry.npmjs.org/tslib/-/tslib-2.3.1.tgz",
          "integrity": "sha512-77EbyPPpMz+FRFRuAFlWMtmgUWGe9UOG2Z25NqCwiIjRhOf5iKGuzSe5P2w1laq+FkRy4p+PCuVkJSGkzTEKVw=="
        }
      }
    },
    "@angular/compiler": {
      "version": "12.2.2",
      "resolved": "https://registry.npmjs.org/@angular/compiler/-/compiler-12.2.2.tgz",
      "integrity": "sha512-4RFFfpAfsT9/xSHRlp1flNAG1dj8WFgTBYb+wu496PziorTBRx/0jsLjxhz547ty6Bn1WZNwQbqBHzx67ehJBg==",
      "requires": {
        "tslib": "^2.2.0"
      },
      "dependencies": {
        "tslib": {
          "version": "2.3.1",
          "resolved": "https://registry.npmjs.org/tslib/-/tslib-2.3.1.tgz",
          "integrity": "sha512-77EbyPPpMz+FRFRuAFlWMtmgUWGe9UOG2Z25NqCwiIjRhOf5iKGuzSe5P2w1laq+FkRy4p+PCuVkJSGkzTEKVw=="
        }
      }
    },
    "@angular/core": {
      "version": "12.2.2",
      "resolved": "https://registry.npmjs.org/@angular/core/-/core-12.2.2.tgz",
      "integrity": "sha512-zNgH1iFB1vCVNk9PZ+GCo0sZXD19Zt3BobgmHkWJ+PVXRPuKpuLBXWsq7d9IXdbFopQQWWfVHo0eDagIicrSFQ==",
      "requires": {
        "tslib": "^2.2.0"
      },
      "dependencies": {
        "tslib": {
          "version": "2.3.1",
          "resolved": "https://registry.npmjs.org/tslib/-/tslib-2.3.1.tgz",
          "integrity": "sha512-77EbyPPpMz+FRFRuAFlWMtmgUWGe9UOG2Z25NqCwiIjRhOf5iKGuzSe5P2w1laq+FkRy4p+PCuVkJSGkzTEKVw=="
        }
      }
    },
    "@angular/forms": {
      "version": "12.2.2",
      "resolved": "https://registry.npmjs.org/@angular/forms/-/forms-12.2.2.tgz",
      "integrity": "sha512-v0zYUdbL+odeDWJNYGq9KZ3535+esDuPaPjXkZkq05/DPCMZym35hx6RlFWn5DElSSfxn4n15mfZXaIWbJNbEQ==",
      "requires": {
        "tslib": "^2.2.0"
      },
      "dependencies": {
        "tslib": {
          "version": "2.3.1",
          "resolved": "https://registry.npmjs.org/tslib/-/tslib-2.3.1.tgz",
          "integrity": "sha512-77EbyPPpMz+FRFRuAFlWMtmgUWGe9UOG2Z25NqCwiIjRhOf5iKGuzSe5P2w1laq+FkRy4p+PCuVkJSGkzTEKVw=="
        }
      }
    },
    "@angular/platform-browser": {
      "version": "12.2.2",
      "resolved": "https://registry.npmjs.org/@angular/platform-browser/-/platform-browser-12.2.2.tgz",
      "integrity": "sha512-uI/tBCzGl7ifQZB7euidO4OOY4qz2jrlMH2Ri6nVuXlLFl4/39ekq75xbJtIQ9/Nf4sWYpUytkq1oW820ZOtcA==",
      "requires": {
        "tslib": "^2.2.0"
      },
      "dependencies": {
        "tslib": {
          "version": "2.3.1",
          "resolved": "https://registry.npmjs.org/tslib/-/tslib-2.3.1.tgz",
          "integrity": "sha512-77EbyPPpMz+FRFRuAFlWMtmgUWGe9UOG2Z25NqCwiIjRhOf5iKGuzSe5P2w1laq+FkRy4p+PCuVkJSGkzTEKVw=="
        }
      }
    },
    "@angular/platform-browser-dynamic": {
      "version": "12.2.2",
      "resolved": "https://registry.npmjs.org/@angular/platform-browser-dynamic/-/platform-browser-dynamic-12.2.2.tgz",
      "integrity": "sha512-Ig0gyntnO9nt7ZLkRhDpdyqKH2kgza1i7L5fxtyw72JdPaUcgPSPvL06GST/ak4WQ04hEb28IEYQGqLKCOUvEA==",
      "requires": {
        "tslib": "^2.2.0"
      },
      "dependencies": {
        "tslib": {
          "version": "2.3.1",
          "resolved": "https://registry.npmjs.org/tslib/-/tslib-2.3.1.tgz",
          "integrity": "sha512-77EbyPPpMz+FRFRuAFlWMtmgUWGe9UOG2Z25NqCwiIjRhOf5iKGuzSe5P2w1laq+FkRy4p+PCuVkJSGkzTEKVw=="
        }
      }
    },
    "@angular/platform-server": {
      "version": "12.2.2",
      "resolved": "https://registry.npmjs.org/@angular/platform-server/-/platform-server-12.2.2.tgz",
      "integrity": "sha512-A9bc8aIRnKtYUIFTXnb9NdMlzCgZu0ODgyWDObDZ7OAoeRH4X0Ay7R7vWLmzWe7189UtH7RElsf5x4mlzbtUzg==",
      "requires": {
        "domino": "^2.1.2",
        "tslib": "^2.2.0",
        "xhr2": "^0.2.0"
      },
      "dependencies": {
        "tslib": {
          "version": "2.3.1",
          "resolved": "https://registry.npmjs.org/tslib/-/tslib-2.3.1.tgz",
          "integrity": "sha512-77EbyPPpMz+FRFRuAFlWMtmgUWGe9UOG2Z25NqCwiIjRhOf5iKGuzSe5P2w1laq+FkRy4p+PCuVkJSGkzTEKVw=="
        }
      }
    },
    "@angular/router": {
      "version": "12.2.2",
      "resolved": "https://registry.npmjs.org/@angular/router/-/router-12.2.2.tgz",
      "integrity": "sha512-zG6VtWqdPBUJq5JlZIJM4CegcPN7FE2s/I0tIhtzMO2lr65+V6X+RVWUXhDHnKR8dBmten+XZpLBYb1ZNhUUUw==",
      "requires": {
        "tslib": "^2.2.0"
      },
      "dependencies": {
        "tslib": {
          "version": "2.3.1",
          "resolved": "https://registry.npmjs.org/tslib/-/tslib-2.3.1.tgz",
          "integrity": "sha512-77EbyPPpMz+FRFRuAFlWMtmgUWGe9UOG2Z25NqCwiIjRhOf5iKGuzSe5P2w1laq+FkRy4p+PCuVkJSGkzTEKVw=="
        }
      }
    },
    "core-js": {
      "version": "3.16.2",
      "resolved": "https://registry.npmjs.org/core-js/-/core-js-3.16.2.tgz",
      "integrity": "sha512-P0KPukO6OjMpjBtHSceAZEWlDD1M2Cpzpg6dBbrjFqFhBHe/BwhxaP820xKOjRn/lZRQirrCusIpLS/n2sgXLQ=="
    },
    "domino": {
      "version": "2.1.6",
      "resolved": "https://registry.npmjs.org/domino/-/domino-2.1.6.tgz",
      "integrity": "sha512-3VdM/SXBZX2omc9JF9nOPCtDaYQ67BGp5CoLpIQlO2KCAPETs8TcDHacF26jXadGbvUteZzRTeos2fhID5+ucQ=="
    },
    "popper.js": {
      "version": "1.16.1",
      "resolved": "https://registry.npmjs.org/popper.js/-/popper.js-1.16.1.tgz",
      "integrity": "sha512-Wb4p1J4zyFTbM+u6WuO4XstYx4Ky9Cewe4DWrel7B0w6VVICvPwdOpotjzcf6eD8TsckVnIMNONQyPIUFOUbCQ=="
    },
    "rxjs": {
      "version": "6.6.7",
      "resolved": "https://registry.npmjs.org/rxjs/-/rxjs-6.6.7.tgz",
      "integrity": "sha512-hTdwr+7yYNIT5n4AMYp85KA6yw2Va0FLa3Rguvbpa4W3I5xynaBZo41cM3XM+4Q6fRMj3sBYIR1VAmZMXYJvRQ==",
      "requires": {
        "tslib": "^1.9.0"
      }
    },
    "tslib": {
      "version": "1.14.1",
      "resolved": "https://registry.npmjs.org/tslib/-/tslib-1.14.1.tgz",
      "integrity": "sha512-Xni35NKzjgMrwevysHTCArtLDpPvye8zV/0E4EyYn43P7/7qvQwPh9BGkHewbMulVntbigmcT7rdX3BNo9wRJg=="
    },
    "xhr2": {
      "version": "0.2.1",
      "resolved": "https://registry.npmjs.org/xhr2/-/xhr2-0.2.1.tgz",
      "integrity": "sha512-sID0rrVCqkVNUn8t6xuv9+6FViXjUVXq8H5rWOH2rz9fDNQEd4g0EA2XlcEdJXRz5BMEn4O1pJFdT+z4YHhoWw=="
    },
    "zone.js": {
      "version": "0.11.4",
      "resolved": "https://registry.npmjs.org/zone.js/-/zone.js-0.11.4.tgz",
      "integrity": "sha512-DDh2Ab+A/B+9mJyajPjHFPWfYU1H+pdun4wnnk0OcQTNjem1XQSZ2CDW+rfZEUDjv5M19SBqAkjZi0x5wuB5Qw==",
      "requires": {
        "tslib": "^2.0.0"
      },
      "dependencies": {
        "tslib": {
          "version": "2.3.1",
          "resolved": "https://registry.npmjs.org/tslib/-/tslib-2.3.1.tgz",
          "integrity": "sha512-77EbyPPpMz+FRFRuAFlWMtmgUWGe9UOG2Z25NqCwiIjRhOf5iKGuzSe5P2w1laq+FkRy4p+PCuVkJSGkzTEKVw=="
        }
      }
    }
  }
}
